// !$*UTF8*$!
{
	archiveVersion = 1;
	classes = {
	};
	objectVersion = 50;
	objects = {

/* Begin PBXBuildFile section */
		AA47108426F3D54000A6B4C5 /* FruitModel.swift in Sources */ = {isa = PBXBuildFile; fileRef = AA47108326F3D54000A6B4C5 /* FruitModel.swift */; };
		AA47108726F3D63700A6B4C5 /* FruitsData.swift in Sources */ = {isa = PBXBuildFile; fileRef = AA47108626F3D63700A6B4C5 /* FruitsData.swift */; };
		AA4A294526FB7FA300050212 /* FruitDetailView.swift in Sources */ = {isa = PBXBuildFile; fileRef = AA4A294426FB7FA300050212 /* FruitDetailView.swift */; };
		AA4A294726FBB8BE00050212 /* FruitHeaderView.swift in Sources */ = {isa = PBXBuildFile; fileRef = AA4A294626FBB8BE00050212 /* FruitHeaderView.swift */; };
		AA5A428F26EA966100123E33 /* FructusApp.swift in Sources */ = {isa = PBXBuildFile; fileRef = AA5A428E26EA966100123E33 /* FructusApp.swift */; };
		AA5A429126EA966100123E33 /* ContentView.swift in Sources */ = {isa = PBXBuildFile; fileRef = AA5A429026EA966100123E33 /* ContentView.swift */; };
		AA5A429326EA966500123E33 /* Assets.xcassets in Resources */ = {isa = PBXBuildFile; fileRef = AA5A429226EA966500123E33 /* Assets.xcassets */; };
		AA5A429626EA966500123E33 /* Preview Assets.xcassets in Resources */ = {isa = PBXBuildFile; fileRef = AA5A429526EA966500123E33 /* Preview Assets.xcassets */; };
		AAB1C8F026FA70F500902485 /* FruitRowView.swift in Sources */ = {isa = PBXBuildFile; fileRef = AAB1C8EF26FA70F500902485 /* FruitRowView.swift */; };
		AAF9524126EAA1ED00772232 /* FruitCardView.swift in Sources */ = {isa = PBXBuildFile; fileRef = AAF9524026EAA1ED00772232 /* FruitCardView.swift */; };
		AAF9524326EAA7F700772232 /* StartButtonView.swift in Sources */ = {isa = PBXBuildFile; fileRef = AAF9524226EAA7F700772232 /* StartButtonView.swift */; };
		AAF9524526EAAC2A00772232 /* OnboardingView.swift in Sources */ = {isa = PBXBuildFile; fileRef = AAF9524426EAAC2A00772232 /* OnboardingView.swift */; };
/* End PBXBuildFile section */

/* Begin PBXFileReference section */
		AA47108326F3D54000A6B4C5 /* FruitModel.swift */ = {isa = PBXFileReference; lastKnownFileType = sourcecode.swift; path = FruitModel.swift; sourceTree = "<group>"; };
		AA47108626F3D63700A6B4C5 /* FruitsData.swift */ = {isa = PBXFileReference; lastKnownFileType = sourcecode.swift; path = FruitsData.swift; sourceTree = "<group>"; };
		AA4A294426FB7FA300050212 /* FruitDetailView.swift */ = {isa = PBXFileReference; lastKnownFileType = sourcecode.swift; path = FruitDetailView.swift; sourceTree = "<group>"; };
		AA4A294626FBB8BE00050212 /* FruitHeaderView.swift */ = {isa = PBXFileReference; lastKnownFileType = sourcecode.swift; path = FruitHeaderView.swift; sourceTree = "<group>"; };
		AA5A428B26EA966100123E33 /* Fructus.app */ = {isa = PBXFileReference; explicitFileType = wrapper.application; includeInIndex = 0; path = Fructus.app; sourceTree = BUILT_PRODUCTS_DIR; };
		AA5A428E26EA966100123E33 /* FructusApp.swift */ = {isa = PBXFileReference; lastKnownFileType = sourcecode.swift; path = FructusApp.swift; sourceTree = "<group>"; };
		AA5A429026EA966100123E33 /* ContentView.swift */ = {isa = PBXFileReference; lastKnownFileType = sourcecode.swift; path = ContentView.swift; sourceTree = "<group>"; };
		AA5A429226EA966500123E33 /* Assets.xcassets */ = {isa = PBXFileReference; lastKnownFileType = folder.assetcatalog; path = Assets.xcassets; sourceTree = "<group>"; };
		AA5A429526EA966500123E33 /* Preview Assets.xcassets */ = {isa = PBXFileReference; lastKnownFileType = folder.assetcatalog; path = "Preview Assets.xcassets"; sourceTree = "<group>"; };
		AA5A429726EA966500123E33 /* Info.plist */ = {isa = PBXFileReference; lastKnownFileType = text.plist.xml; path = Info.plist; sourceTree = "<group>"; };
		AAB1C8EF26FA70F500902485 /* FruitRowView.swift */ = {isa = PBXFileReference; lastKnownFileType = sourcecode.swift; path = FruitRowView.swift; sourceTree = "<group>"; };
		AAF9524026EAA1ED00772232 /* FruitCardView.swift */ = {isa = PBXFileReference; lastKnownFileType = sourcecode.swift; path = FruitCardView.swift; sourceTree = "<group>"; };
		AAF9524226EAA7F700772232 /* StartButtonView.swift */ = {isa = PBXFileReference; lastKnownFileType = sourcecode.swift; path = StartButtonView.swift; sourceTree = "<group>"; };
		AAF9524426EAAC2A00772232 /* OnboardingView.swift */ = {isa = PBXFileReference; lastKnownFileType = sourcecode.swift; path = OnboardingView.swift; sourceTree = "<group>"; };
/* End PBXFileReference section */

/* Begin PBXFrameworksBuildPhase section */
		AA5A428826EA966100123E33 /* Frameworks */ = {
			isa = PBXFrameworksBuildPhase;
			buildActionMask = 2147483647;
			files = (
			);
			runOnlyForDeploymentPostprocessing = 0;
		};
/* End PBXFrameworksBuildPhase section */

/* Begin PBXGroup section */
		AA47108226F3D52C00A6B4C5 /* Model */ = {
			isa = PBXGroup;
			children = (
				AA47108326F3D54000A6B4C5 /* FruitModel.swift */,
			);
			path = Model;
			sourceTree = "<group>";
		};
		AA47108526F3D62500A6B4C5 /* Data */ = {
			isa = PBXGroup;
			children = (
				AA47108626F3D63700A6B4C5 /* FruitsData.swift */,
			);
			path = Data;
			sourceTree = "<group>";
		};
		AA5A428226EA966100123E33 = {
			isa = PBXGroup;
			children = (
				AA5A428D26EA966100123E33 /* Fructus */,
				AA5A428C26EA966100123E33 /* Products */,
			);
			sourceTree = "<group>";
		};
		AA5A428C26EA966100123E33 /* Products */ = {
			isa = PBXGroup;
			children = (
				AA5A428B26EA966100123E33 /* Fructus.app */,
			);
			name = Products;
			sourceTree = "<group>";
		};
		AA5A428D26EA966100123E33 /* Fructus */ = {
			isa = PBXGroup;
			children = (
				AA47108526F3D62500A6B4C5 /* Data */,
				AA47108226F3D52C00A6B4C5 /* Model */,
				AAF9523F26EAA1B700772232 /* View */,
				AAF9523E26EAA14D00772232 /* App */,
				AA5A429226EA966500123E33 /* Assets.xcassets */,
				AA5A429726EA966500123E33 /* Info.plist */,
				AA5A429426EA966500123E33 /* Preview Content */,
			);
			path = Fructus;
			sourceTree = "<group>";
		};
		AA5A429426EA966500123E33 /* Preview Content */ = {
			isa = PBXGroup;
			children = (
				AA5A429526EA966500123E33 /* Preview Assets.xcassets */,
			);
			path = "Preview Content";
			sourceTree = "<group>";
		};
		AAF9523E26EAA14D00772232 /* App */ = {
			isa = PBXGroup;
			children = (
				AA5A428E26EA966100123E33 /* FructusApp.swift */,
				AA5A429026EA966100123E33 /* ContentView.swift */,
				AAF9524426EAAC2A00772232 /* OnboardingView.swift */,
				AA4A294426FB7FA300050212 /* FruitDetailView.swift */,
			);
			path = App;
			sourceTree = "<group>";
		};
		AAF9523F26EAA1B700772232 /* View */ = {
			isa = PBXGroup;
			children = (
				AAF9524026EAA1ED00772232 /* FruitCardView.swift */,
				AAF9524226EAA7F700772232 /* StartButtonView.swift */,
				AAB1C8EF26FA70F500902485 /* FruitRowView.swift */,
				AA4A294626FBB8BE00050212 /* FruitHeaderView.swift */,
			);
			path = View;
			sourceTree = "<group>";
		};
/* End PBXGroup section */

/* Begin PBXNativeTarget section */
		AA5A428A26EA966100123E33 /* Fructus */ = {
			isa = PBXNativeTarget;
			buildConfigurationList = AA5A429A26EA966500123E33 /* Build configuration list for PBXNativeTarget "Fructus" */;
			buildPhases = (
				AA5A428726EA966100123E33 /* Sources */,
				AA5A428826EA966100123E33 /* Frameworks */,
				AA5A428926EA966100123E33 /* Resources */,
			);
			buildRules = (
			);
			dependencies = (
			);
			name = Fructus;
			productName = Fructus;
			productReference = AA5A428B26EA966100123E33 /* Fructus.app */;
			productType = "com.apple.product-type.application";
		};
/* End PBXNativeTarget section */

/* Begin PBXProject section */
		AA5A428326EA966100123E33 /* Project object */ = {
			isa = PBXProject;
			attributes = {
				LastSwiftUpdateCheck = 1250;
				LastUpgradeCheck = 1250;
				TargetAttributes = {
					AA5A428A26EA966100123E33 = {
						CreatedOnToolsVersion = 12.5.1;
					};
				};
			};
			buildConfigurationList = AA5A428626EA966100123E33 /* Build configuration list for PBXProject "Fructus" */;
			compatibilityVersion = "Xcode 9.3";
			developmentRegion = en;
			hasScannedForEncodings = 0;
			knownRegions = (
				en,
				Base,
			);
			mainGroup = AA5A428226EA966100123E33;
			productRefGroup = AA5A428C26EA966100123E33 /* Products */;
			projectDirPath = "";
			projectRoot = "";
			targets = (
				AA5A428A26EA966100123E33 /* Fructus */,
			);
		};
/* End PBXProject section */

/* Begin PBXResourcesBuildPhase section */
		AA5A428926EA966100123E33 /* Resources */ = {
			isa = PBXResourcesBuildPhase;
			buildActionMask = 2147483647;
			files = (
				AA5A429626EA966500123E33 /* Preview Assets.xcassets in Resources */,
				AA5A429326EA966500123E33 /* Assets.xcassets in Resources */,
			);
			runOnlyForDeploymentPostprocessing = 0;
		};
/* End PBXResourcesBuildPhase section */

/* Begin PBXSourcesBuildPhase section */
		AA5A428726EA966100123E33 /* Sources */ = {
			isa = PBXSourcesBuildPhase;
			buildActionMask = 2147483647;
			files = (
				AAF9524126EAA1ED00772232 /* FruitCardView.swift in Sources */,
				AAF9524326EAA7F700772232 /* StartButtonView.swift in Sources */,
				AA5A429126EA966100123E33 /* ContentView.swift in Sources */,
				AAF9524526EAAC2A00772232 /* OnboardingView.swift in Sources */,
				AA4A294526FB7FA300050212 /* FruitDetailView.swift in Sources */,
				AA47108726F3D63700A6B4C5 /* FruitsData.swift in Sources */,
				AA4A294726FBB8BE00050212 /* FruitHeaderView.swift in Sources */,
				AA47108426F3D54000A6B4C5 /* FruitModel.swift in Sources */,
				AAB1C8F026FA70F500902485 /* FruitRowView.swift in Sources */,
				AA5A428F26EA966100123E33 /* FructusApp.swift in Sources */,
			);
			runOnlyForDeploymentPostprocessing = 0;
		};
/* End PBXSourcesBuildPhase section */

/* Begin XCBuildConfiguration section */
		AA5A429826EA966500123E33 /* Debug */ = {
			isa = XCBuildConfiguration;
			buildSettings = {
				ALWAYS_SEARCH_USER_PATHS = NO;
				CLANG_ANALYZER_NONNULL = YES;
				CLANG_ANALYZER_NUMBER_OBJECT_CONVERSION = YES_AGGRESSIVE;
				CLANG_CXX_LANGUAGE_STANDARD = "gnu++14";
				CLANG_CXX_LIBRARY = "libc++";
				CLANG_ENABLE_MODULES = YES;
				CLANG_ENABLE_OBJC_ARC = YES;
				CLANG_ENABLE_OBJC_WEAK = YES;
				CLANG_WARN_BLOCK_CAPTURE_AUTORELEASING = YES;
				CLANG_WARN_BOOL_CONVERSION = YES;
				CLANG_WARN_COMMA = YES;
				CLANG_WARN_CONSTANT_CONVERSION = YES;
				CLANG_WARN_DEPRECATED_OBJC_IMPLEMENTATIONS = YES;
				CLANG_WARN_DIRECT_OBJC_ISA_USAGE = YES_ERROR;
				CLANG_WARN_DOCUMENTATION_COMMENTS = YES;
				CLANG_WARN_EMPTY_BODY = YES;
				CLANG_WARN_ENUM_CONVERSION = YES;
				CLANG_WARN_INFINITE_RECURSION = YES;
				CLANG_WARN_INT_CONVERSION = YES;
				CLANG_WARN_NON_LITERAL_NULL_CONVERSION = YES;
				CLANG_WARN_OBJC_IMPLICIT_RETAIN_SELF = YES;
				CLANG_WARN_OBJC_LITERAL_CONVERSION = YES;
				CLANG_WARN_OBJC_ROOT_CLASS = YES_ERROR;
				CLANG_WARN_QUOTED_INCLUDE_IN_FRAMEWORK_HEADER = YES;
				CLANG_WARN_RANGE_LOOP_ANALYSIS = YES;
				CLANG_WARN_STRICT_PROTOTYPES = YES;
				CLANG_WARN_SUSPICIOUS_MOVE = YES;
				CLANG_WARN_UNGUARDED_AVAILABILITY = YES_AGGRESSIVE;
				CLANG_WARN_UNREACHABLE_CODE = YES;
				CLANG_WARN__DUPLICATE_METHOD_MATCH = YES;
				COPY_PHASE_STRIP = NO;
				DEBUG_INFORMATION_FORMAT = dwarf;
				ENABLE_STRICT_OBJC_MSGSEND = YES;
				ENABLE_TESTABILITY = YES;
				GCC_C_LANGUAGE_STANDARD = gnu11;
				GCC_DYNAMIC_NO_PIC = NO;
				GCC_NO_COMMON_BLOCKS = YES;
				GCC_OPTIMIZATION_LEVEL = 0;
				GCC_PREPROCESSOR_DEFINITIONS = (
					"DEBUG=1",
					"$(inherited)",
				);
				GCC_WARN_64_TO_32_BIT_CONVERSION = YES;
				GCC_WARN_ABOUT_RETURN_TYPE = YES_ERROR;
				GCC_WARN_UNDECLARED_SELECTOR = YES;
				GCC_WARN_UNINITIALIZED_AUTOS = YES_AGGRESSIVE;
				GCC_WARN_UNUSED_FUNCTION = YES;
				GCC_WARN_UNUSED_VARIABLE = YES;
				IPHONEOS_DEPLOYMENT_TARGET = 14.5;
				MTL_ENABLE_DEBUG_INFO = INCLUDE_SOURCE;
				MTL_FAST_MATH = YES;
				ONLY_ACTIVE_ARCH = YES;
				SDKROOT = iphoneos;
				SWIFT_ACTIVE_COMPILATION_CONDITIONS = DEBUG;
				SWIFT_OPTIMIZATION_LEVEL = "-Onone";
			};
			name = Debug;
		};
		AA5A429926EA966500123E33 /* Release */ = {
			isa = XCBuildConfiguration;
			buildSettings = {
				ALWAYS_SEARCH_USER_PATHS = NO;
				CLANG_ANALYZER_NONNULL = YES;
				CLANG_ANALYZER_NUMBER_OBJECT_CONVERSION = YES_AGGRESSIVE;
				CLANG_CXX_LANGUAGE_STANDARD = "gnu++14";
				CLANG_CXX_LIBRARY = "libc++";
				CLANG_ENABLE_MODULES = YES;
				CLANG_ENABLE_OBJC_ARC = YES;
				CLANG_ENABLE_OBJC_WEAK = YES;
				CLANG_WARN_BLOCK_CAPTURE_AUTORELEASING = YES;
				CLANG_WARN_BOOL_CONVERSION = YES;
				CLANG_WARN_COMMA = YES;
				CLANG_WARN_CONSTANT_CONVERSION = YES;
				CLANG_WARN_DEPRECATED_OBJC_IMPLEMENTATIONS = YES;
				CLANG_WARN_DIRECT_OBJC_ISA_USAGE = YES_ERROR;
				CLANG_WARN_DOCUMENTATION_COMMENTS = YES;
				CLANG_WARN_EMPTY_BODY = YES;
				CLANG_WARN_ENUM_CONVERSION = YES;
				CLANG_WARN_INFINITE_RECURSION = YES;
				CLANG_WARN_INT_CONVERSION = YES;
				CLANG_WARN_NON_LITERAL_NULL_CONVERSION = YES;
				CLANG_WARN_OBJC_IMPLICIT_RETAIN_SELF = YES;
				CLANG_WARN_OBJC_LITERAL_CONVERSION = YES;
				CLANG_WARN_OBJC_ROOT_CLASS = YES_ERROR;
				CLANG_WARN_QUOTED_INCLUDE_IN_FRAMEWORK_HEADER = YES;
				CLANG_WARN_RANGE_LOOP_ANALYSIS = YES;
				CLANG_WARN_STRICT_PROTOTYPES = YES;
				CLANG_WARN_SUSPICIOUS_MOVE = YES;
				CLANG_WARN_UNGUARDED_AVAILABILITY = YES_AGGRESSIVE;
				CLANG_WARN_UNREACHABLE_CODE = YES;
				CLANG_WARN__DUPLICATE_METHOD_MATCH = YES;
				COPY_PHASE_STRIP = NO;
				DEBUG_INFORMATION_FORMAT = "dwarf-with-dsym";
				ENABLE_NS_ASSERTIONS = NO;
				ENABLE_STRICT_OBJC_MSGSEND = YES;
				GCC_C_LANGUAGE_STANDARD = gnu11;
				GCC_NO_COMMON_BLOCKS = YES;
				GCC_WARN_64_TO_32_BIT_CONVERSION = YES;
				GCC_WARN_ABOUT_RETURN_TYPE = YES_ERROR;
				GCC_WARN_UNDECLARED_SELECTOR = YES;
				GCC_WARN_UNINITIALIZED_AUTOS = YES_AGGRESSIVE;
				GCC_WARN_UNUSED_FUNCTION = YES;
				GCC_WARN_UNUSED_VARIABLE = YES;
				IPHONEOS_DEPLOYMENT_TARGET = 14.5;
				MTL_ENABLE_DEBUG_INFO = NO;
				MTL_FAST_MATH = YES;
				SDKROOT = iphoneos;
				SWIFT_COMPILATION_MODE = wholemodule;
				SWIFT_OPTIMIZATION_LEVEL = "-O";
				VALIDATE_PRODUCT = YES;
			};
			name = Release;
		};
		AA5A429B26EA966500123E33 /* Debug */ = {
			isa = XCBuildConfiguration;
			buildSettings = {
				ASSETCATALOG_COMPILER_APPICON_NAME = AppIcon;
				ASSETCATALOG_COMPILER_GLOBAL_ACCENT_COLOR_NAME = AccentColor;
				CODE_SIGN_STYLE = Automatic;
				DEVELOPMENT_ASSET_PATHS = "\"Fructus/Preview Content\"";
				DEVELOPMENT_TEAM = 9783S9K6GB;
				ENABLE_PREVIEWS = YES;
				INFOPLIST_FILE = Fructus/Info.plist;
				IPHONEOS_DEPLOYMENT_TARGET = 14.0;
				LD_RUNPATH_SEARCH_PATHS = (
					"$(inherited)",
					"@executable_path/Frameworks",
				);
				PRODUCT_BUNDLE_IDENTIFIER = com.rodrigoConte.Fructus;
				PRODUCT_NAME = "$(TARGET_NAME)";
				SWIFT_VERSION = 5.0;
				TARGETED_DEVICE_FAMILY = "1,2";
			};
			name = Debug;
		};
		AA5A429C26EA966500123E33 /* Release */ = {
			isa = XCBuildConfiguration;
			buildSettings = {
				ASSETCATALOG_COMPILER_APPICON_NAME = AppIcon;
				ASSETCATALOG_COMPILER_GLOBAL_ACCENT_COLOR_NAME = AccentColor;
				CODE_SIGN_STYLE = Automatic;
				DEVELOPMENT_ASSET_PATHS = "\"Fructus/Preview Content\"";
				DEVELOPMENT_TEAM = 9783S9K6GB;
				ENABLE_PREVIEWS = YES;
				INFOPLIST_FILE = Fructus/Info.plist;
				IPHONEOS_DEPLOYMENT_TARGET = 14.0;
				LD_RUNPATH_SEARCH_PATHS = (
					"$(inherited)",
					"@executable_path/Frameworks",
				);
				PRODUCT_BUNDLE_IDENTIFIER = com.rodrigoConte.Fructus;
				PRODUCT_NAME = "$(TARGET_NAME)";
				SWIFT_VERSION = 5.0;
				TARGETED_DEVICE_FAMILY = "1,2";
			};
			name = Release;
		};
/* End XCBuildConfiguration section */

/* Begin XCConfigurationList section */
		AA5A428626EA966100123E33 /* Build configuration list for PBXProject "Fructus" */ = {
			isa = XCConfigurationList;
			buildConfigurations = (
				AA5A429826EA966500123E33 /* Debug */,
				AA5A429926EA966500123E33 /* Release */,
			);
			defaultConfigurationIsVisible = 0;
			defaultConfigurationName = Release;
		};
		AA5A429A26EA966500123E33 /* Build configuration list for PBXNativeTarget "Fructus" */ = {
			isa = XCConfigurationList;
			buildConfigurations = (
				AA5A429B26EA966500123E33 /* Debug */,
				AA5A429C26EA966500123E33 /* Release */,
			);
			defaultConfigurationIsVisible = 0;
			defaultConfigurationName = Release;
		};
/* End XCConfigurationList section */
	};
	rootObject = AA5A428326EA966100123E33 /* Project object */;
}
